
Microsoft Visual Studio Solution File, Format Version 12.00
# Visual Studio 14
VisualStudioVersion = 14.0.25420.1
MinimumVisualStudioVersion = 10.0.40219.1
Project("{FAE04EC0-301F-11D3-BF4B-00C04F79EFBC}") = "Greatest Common Divisor (CGD)", "Greatest Common Divisor (CGD)\Greatest Common Divisor (CGD).csproj", "{29BE67A3-20F9-4AAA-824A-5D4888CA8ADF}"
EndProject
Global
	GlobalSection(SolutionConfigurationPlatforms) = preSolution
		Debug|Any CPU = Debug|Any CPU
		Release|Any CPU = Release|Any CPU
	EndGlobalSection
	GlobalSection(ProjectConfigurationPlatforms) = postSolution
		{29BE67A3-20F9-4AAA-824A-5D4888CA8ADF}.Debug|Any CPU.ActiveCfg = Debug|Any CPU
		{29BE67A3-20F9-4AAA-824A-5D4888CA8ADF}.Debug|Any CPU.Build.0 = Debug|Any CPU
		{29BE67A3-20F9-4AAA-824A-5D4888CA8ADF}.Release|Any CPU.ActiveCfg = Release|Any CPU
		{29BE67A3-20F9-4AAA-824A-5D4888CA8ADF}.Release|Any CPU.Build.0 = Release|Any CPU
	EndGlobalSection
	GlobalSection(SolutionProperties) = preSolution
		HideSolutionNode = FALSE
	EndGlobalSection
EndGlobal
