
Microsoft Visual Studio Solution File, Format Version 12.00
# Visual Studio 14
VisualStudioVersion = 14.0.25420.1
MinimumVisualStudioVersion = 10.0.40219.1
Project("{FAE04EC0-301F-11D3-BF4B-00C04F79EFBC}") = "01. Fishland", "01. Fishland\01. Fishland.csproj", "{6D4F735C-8341-4417-AAAA-A0E82F3B1082}"
EndProject
Project("{FAE04EC0-301F-11D3-BF4B-00C04F79EFBC}") = "02. Pets", "02. Pets\02. Pets.csproj", "{6A429E09-38FF-471D-A2E1-C8063B3FCB0D}"
EndProject
Project("{FAE04EC0-301F-11D3-BF4B-00C04F79EFBC}") = "03.Vacation", "Vacation\03.Vacation.csproj", "{13D2127B-0E90-48A3-9B42-AF448C9C2248}"
EndProject
Project("{FAE04EC0-301F-11D3-BF4B-00C04F79EFBC}") = "04. SoftUni Camp", "04. SoftUni Camp\04. SoftUni Camp.csproj", "{31DE6A9A-3D81-4CCB-A159-36979742C35E}"
EndProject
Project("{FAE04EC0-301F-11D3-BF4B-00C04F79EFBC}") = "05. Fox", "05. Fox\05. Fox.csproj", "{EECA4384-C61E-415B-A76A-A5E92BC39634}"
EndProject
Project("{FAE04EC0-301F-11D3-BF4B-00C04F79EFBC}") = "06. Battles", "06. Battles\06. Battles.csproj", "{68D56A0C-5B8A-4628-8CCD-602BE44893CA}"
EndProject
Global
	GlobalSection(SolutionConfigurationPlatforms) = preSolution
		Debug|Any CPU = Debug|Any CPU
		Release|Any CPU = Release|Any CPU
	EndGlobalSection
	GlobalSection(ProjectConfigurationPlatforms) = postSolution
		{6D4F735C-8341-4417-AAAA-A0E82F3B1082}.Debug|Any CPU.ActiveCfg = Debug|Any CPU
		{6D4F735C-8341-4417-AAAA-A0E82F3B1082}.Debug|Any CPU.Build.0 = Debug|Any CPU
		{6D4F735C-8341-4417-AAAA-A0E82F3B1082}.Release|Any CPU.ActiveCfg = Release|Any CPU
		{6D4F735C-8341-4417-AAAA-A0E82F3B1082}.Release|Any CPU.Build.0 = Release|Any CPU
		{6A429E09-38FF-471D-A2E1-C8063B3FCB0D}.Debug|Any CPU.ActiveCfg = Debug|Any CPU
		{6A429E09-38FF-471D-A2E1-C8063B3FCB0D}.Debug|Any CPU.Build.0 = Debug|Any CPU
		{6A429E09-38FF-471D-A2E1-C8063B3FCB0D}.Release|Any CPU.ActiveCfg = Release|Any CPU
		{6A429E09-38FF-471D-A2E1-C8063B3FCB0D}.Release|Any CPU.Build.0 = Release|Any CPU
		{13D2127B-0E90-48A3-9B42-AF448C9C2248}.Debug|Any CPU.ActiveCfg = Debug|Any CPU
		{13D2127B-0E90-48A3-9B42-AF448C9C2248}.Debug|Any CPU.Build.0 = Debug|Any CPU
		{13D2127B-0E90-48A3-9B42-AF448C9C2248}.Release|Any CPU.ActiveCfg = Release|Any CPU
		{13D2127B-0E90-48A3-9B42-AF448C9C2248}.Release|Any CPU.Build.0 = Release|Any CPU
		{31DE6A9A-3D81-4CCB-A159-36979742C35E}.Debug|Any CPU.ActiveCfg = Debug|Any CPU
		{31DE6A9A-3D81-4CCB-A159-36979742C35E}.Debug|Any CPU.Build.0 = Debug|Any CPU
		{31DE6A9A-3D81-4CCB-A159-36979742C35E}.Release|Any CPU.ActiveCfg = Release|Any CPU
		{31DE6A9A-3D81-4CCB-A159-36979742C35E}.Release|Any CPU.Build.0 = Release|Any CPU
		{EECA4384-C61E-415B-A76A-A5E92BC39634}.Debug|Any CPU.ActiveCfg = Debug|Any CPU
		{EECA4384-C61E-415B-A76A-A5E92BC39634}.Debug|Any CPU.Build.0 = Debug|Any CPU
		{EECA4384-C61E-415B-A76A-A5E92BC39634}.Release|Any CPU.ActiveCfg = Release|Any CPU
		{EECA4384-C61E-415B-A76A-A5E92BC39634}.Release|Any CPU.Build.0 = Release|Any CPU
		{68D56A0C-5B8A-4628-8CCD-602BE44893CA}.Debug|Any CPU.ActiveCfg = Debug|Any CPU
		{68D56A0C-5B8A-4628-8CCD-602BE44893CA}.Debug|Any CPU.Build.0 = Debug|Any CPU
		{68D56A0C-5B8A-4628-8CCD-602BE44893CA}.Release|Any CPU.ActiveCfg = Release|Any CPU
		{68D56A0C-5B8A-4628-8CCD-602BE44893CA}.Release|Any CPU.Build.0 = Release|Any CPU
	EndGlobalSection
	GlobalSection(SolutionProperties) = preSolution
		HideSolutionNode = FALSE
	EndGlobalSection
EndGlobal
